// !$*UTF8*$!
{
	archiveVersion = 1;
	classes = {
	};
	objectVersion = 77;
	objects = {

/* Begin PBXContainerItemProxy section */
		D8748B742DBDF0D9008CD6BE /* PBXContainerItemProxy */ = {
			isa = PBXContainerItemProxy;
			containerPortal = D8748B5A2DBDF0D8008CD6BE /* Project object */;
			proxyType = 1;
			remoteGlobalIDString = D8748B612DBDF0D8008CD6BE;
			remoteInfo = bttrfly;
		};
		D8748B7E2DBDF0D9008CD6BE /* PBXContainerItemProxy */ = {
			isa = PBXContainerItemProxy;
			containerPortal = D8748B5A2DBDF0D8008CD6BE /* Project object */;
			proxyType = 1;
			remoteGlobalIDString = D8748B612DBDF0D8008CD6BE;
			remoteInfo = bttrfly;
		};
/* End PBXContainerItemProxy section */

/* Begin PBXFileReference section */
		D8748B622DBDF0D8008CD6BE /* bttrfly.app */ = {isa = PBXFileReference; explicitFileType = wrapper.application; includeInIndex = 0; path = bttrfly.app; sourceTree = BUILT_PRODUCTS_DIR; };
		D8748B732DBDF0D9008CD6BE /* bttrflyTests.xctest */ = {isa = PBXFileReference; explicitFileType = wrapper.cfbundle; includeInIndex = 0; path = bttrflyTests.xctest; sourceTree = BUILT_PRODUCTS_DIR; };
		D8748B7D2DBDF0D9008CD6BE /* bttrflyUITests.xctest */ = {isa = PBXFileReference; explicitFileType = wrapper.cfbundle; includeInIndex = 0; path = bttrflyUITests.xctest; sourceTree = BUILT_PRODUCTS_DIR; };
/* End PBXFileReference section */

/* Begin PBXFileSystemSynchronizedRootGroup section */
		D8748B642DBDF0D8008CD6BE /* bttrfly */ = {
			isa = PBXFileSystemSynchronizedRootGroup;
			path = bttrfly;
			sourceTree = "<group>";
		};
		D8748B762DBDF0D9008CD6BE /* bttrflyTests */ = {
			isa = PBXFileSystemSynchronizedRootGroup;
			path = bttrflyTests;
			sourceTree = "<group>";
		};
		D8748B802DBDF0D9008CD6BE /* bttrflyUITests */ = {
			isa = PBXFileSystemSynchronizedRootGroup;
			path = bttrflyUITests;
			sourceTree = "<group>";
		};
/* End PBXFileSystemSynchronizedRootGroup section */

/* Begin PBXFrameworksBuildPhase section */
		D8748B5F2DBDF0D8008CD6BE /* Frameworks */ = {
			isa = PBXFrameworksBuildPhase;
			buildActionMask = 2147483647;
			files = (
			);
			runOnlyForDeploymentPostprocessing = 0;
		};
		D8748B702DBDF0D9008CD6BE /* Frameworks */ = {
			isa = PBXFrameworksBuildPhase;
			buildActionMask = 2147483647;
			files = (
			);
			runOnlyForDeploymentPostprocessing = 0;
		};
		D8748B7A2DBDF0D9008CD6BE /* Frameworks */ = {
			isa = PBXFrameworksBuildPhase;
			buildActionMask = 2147483647;
			files = (
			);
			runOnlyForDeploymentPostprocessing = 0;
		};
/* End PBXFrameworksBuildPhase section */

/* Begin PBXGroup section */
		D8748B592DBDF0D8008CD6BE = {
			isa = PBXGroup;
			children = (
				D8748B642DBDF0D8008CD6BE /* bttrfly */,
				D8748B762DBDF0D9008CD6BE /* bttrflyTests */,
				D8748B802DBDF0D9008CD6BE /* bttrflyUITests */,
				D8748B632DBDF0D8008CD6BE /* Products */,
			);
			sourceTree = "<group>";
		};
		D8748B632DBDF0D8008CD6BE /* Products */ = {
			isa = PBXGroup;
			children = (
				D8748B622DBDF0D8008CD6BE /* bttrfly.app */,
				D8748B732DBDF0D9008CD6BE /* bttrflyTests.xctest */,
				D8748B7D2DBDF0D9008CD6BE /* bttrflyUITests.xctest */,
			);
			name = Products;
			sourceTree = "<group>";
		};
/* End PBXGroup section */

/* Begin PBXNativeTarget section */
		D8748B612DBDF0D8008CD6BE /* bttrfly */ = {
			isa = PBXNativeTarget;
			buildConfigurationList = D8748B872DBDF0D9008CD6BE /* Build configuration list for PBXNativeTarget "bttrfly" */;
			buildPhases = (
				D8748B5E2DBDF0D8008CD6BE /* Sources */,
				D8748B5F2DBDF0D8008CD6BE /* Frameworks */,
				D8748B602DBDF0D8008CD6BE /* Resources */,
			);
			buildRules = (
			);
			dependencies = (
			);
			fileSystemSynchronizedGroups = (
				D8748B642DBDF0D8008CD6BE /* bttrfly */,
			);
			name = bttrfly;
			packageProductDependencies = (
			);
			productName = bttrfly;
			productReference = D8748B622DBDF0D8008CD6BE /* bttrfly.app */;
			productType = "com.apple.product-type.application";
		};
		D8748B722DBDF0D9008CD6BE /* bttrflyTests */ = {
			isa = PBXNativeTarget;
			buildConfigurationList = D8748B8A2DBDF0D9008CD6BE /* Build configuration list for PBXNativeTarget "bttrflyTests" */;
			buildPhases = (
				D8748B6F2DBDF0D9008CD6BE /* Sources */,
				D8748B702DBDF0D9008CD6BE /* Frameworks */,
				D8748B712DBDF0D9008CD6BE /* Resources */,
			);
			buildRules = (
			);
			dependencies = (
				D8748B752DBDF0D9008CD6BE /* PBXTargetDependency */,
			);
			fileSystemSynchronizedGroups = (
				D8748B762DBDF0D9008CD6BE /* bttrflyTests */,
			);
			name = bttrflyTests;
			packageProductDependencies = (
			);
			productName = bttrflyTests;
			productReference = D8748B732DBDF0D9008CD6BE /* bttrflyTests.xctest */;
			productType = "com.apple.product-type.bundle.unit-test";
		};
		D8748B7C2DBDF0D9008CD6BE /* bttrflyUITests */ = {
			isa = PBXNativeTarget;
			buildConfigurationList = D8748B8D2DBDF0D9008CD6BE /* Build configuration list for PBXNativeTarget "bttrflyUITests" */;
			buildPhases = (
				D8748B792DBDF0D9008CD6BE /* Sources */,
				D8748B7A2DBDF0D9008CD6BE /* Frameworks */,
				D8748B7B2DBDF0D9008CD6BE /* Resources */,
			);
			buildRules = (
			);
			dependencies = (
				D8748B7F2DBDF0D9008CD6BE /* PBXTargetDependency */,
			);
			fileSystemSynchronizedGroups = (
				D8748B802DBDF0D9008CD6BE /* bttrflyUITests */,
			);
			name = bttrflyUITests;
			packageProductDependencies = (
			);
			productName = bttrflyUITests;
			productReference = D8748B7D2DBDF0D9008CD6BE /* bttrflyUITests.xctest */;
			productType = "com.apple.product-type.bundle.ui-testing";
		};
/* End PBXNativeTarget section */

/* Begin PBXProject section */
		D8748B5A2DBDF0D8008CD6BE /* Project object */ = {
			isa = PBXProject;
			attributes = {
				BuildIndependentTargetsInParallel = 1;
				LastSwiftUpdateCheck = 1620;
				LastUpgradeCheck = 1620;
				TargetAttributes = {
					D8748B612DBDF0D8008CD6BE = {
						CreatedOnToolsVersion = 16.2;
					};
					D8748B722DBDF0D9008CD6BE = {
						CreatedOnToolsVersion = 16.2;
						TestTargetID = D8748B612DBDF0D8008CD6BE;
					};
					D8748B7C2DBDF0D9008CD6BE = {
						CreatedOnToolsVersion = 16.2;
						TestTargetID = D8748B612DBDF0D8008CD6BE;
					};
				};
			};
			buildConfigurationList = D8748B5D2DBDF0D8008CD6BE /* Build configuration list for PBXProject "bttrfly" */;
			developmentRegion = en;
			hasScannedForEncodings = 0;
			knownRegions = (
				en,
				Base,
			);
			mainGroup = D8748B592DBDF0D8008CD6BE;
			minimizedProjectReferenceProxies = 1;
			preferredProjectObjectVersion = 77;
			productRefGroup = D8748B632DBDF0D8008CD6BE /* Products */;
			projectDirPath = "";
			projectRoot = "";
			targets = (
				D8748B612DBDF0D8008CD6BE /* bttrfly */,
				D8748B722DBDF0D9008CD6BE /* bttrflyTests */,
				D8748B7C2DBDF0D9008CD6BE /* bttrflyUITests */,
			);
		};
/* End PBXProject section */

/* Begin PBXResourcesBuildPhase section */
		D8748B602DBDF0D8008CD6BE /* Resources */ = {
			isa = PBXResourcesBuildPhase;
			buildActionMask = 2147483647;
			files = (
			);
			runOnlyForDeploymentPostprocessing = 0;
		};
		D8748B712DBDF0D9008CD6BE /* Resources */ = {
			isa = PBXResourcesBuildPhase;
			buildActionMask = 2147483647;
			files = (
			);
			runOnlyForDeploymentPostprocessing = 0;
		};
		D8748B7B2DBDF0D9008CD6BE /* Resources */ = {
			isa = PBXResourcesBuildPhase;
			buildActionMask = 2147483647;
			files = (
			);
			runOnlyForDeploymentPostprocessing = 0;
		};
/* End PBXResourcesBuildPhase section */

/* Begin PBXSourcesBuildPhase section */
		D8748B5E2DBDF0D8008CD6BE /* Sources */ = {
			isa = PBXSourcesBuildPhase;
			buildActionMask = 2147483647;
			files = (
			);
			runOnlyForDeploymentPostprocessing = 0;
		};
		D8748B6F2DBDF0D9008CD6BE /* Sources */ = {
			isa = PBXSourcesBuildPhase;
			buildActionMask = 2147483647;
			files = (
			);
			runOnlyForDeploymentPostprocessing = 0;
		};
		D8748B792DBDF0D9008CD6BE /* Sources */ = {
			isa = PBXSourcesBuildPhase;
			buildActionMask = 2147483647;
			files = (
			);
			runOnlyForDeploymentPostprocessing = 0;
		};
/* End PBXSourcesBuildPhase section */

/* Begin PBXTargetDependency section */
		D8748B752DBDF0D9008CD6BE /* PBXTargetDependency */ = {
			isa = PBXTargetDependency;
			target = D8748B612DBDF0D8008CD6BE /* bttrfly */;
			targetProxy = D8748B742DBDF0D9008CD6BE /* PBXContainerItemProxy */;
		};
		D8748B7F2DBDF0D9008CD6BE /* PBXTargetDependency */ = {
			isa = PBXTargetDependency;
			target = D8748B612DBDF0D8008CD6BE /* bttrfly */;
			targetProxy = D8748B7E2DBDF0D9008CD6BE /* PBXContainerItemProxy */;
		};
/* End PBXTargetDependency section */

/* Begin XCBuildConfiguration section */
		D8748B852DBDF0D9008CD6BE /* Debug */ = {
			isa = XCBuildConfiguration;
			buildSettings = {
				ALWAYS_SEARCH_USER_PATHS = NO;
				ASSETCATALOG_COMPILER_GENERATE_SWIFT_ASSET_SYMBOL_EXTENSIONS = YES;
				CLANG_ANALYZER_NONNULL = YES;
				CLANG_ANALYZER_NUMBER_OBJECT_CONVERSION = YES_AGGRESSIVE;
				CLANG_CXX_LANGUAGE_STANDARD = "gnu++20";
				CLANG_ENABLE_MODULES = YES;
				CLANG_ENABLE_OBJC_ARC = YES;
				CLANG_ENABLE_OBJC_WEAK = YES;
				CLANG_WARN_BLOCK_CAPTURE_AUTORELEASING = YES;
				CLANG_WARN_BOOL_CONVERSION = YES;
				CLANG_WARN_COMMA = YES;
				CLANG_WARN_CONSTANT_CONVERSION = YES;
				CLANG_WARN_DEPRECATED_OBJC_IMPLEMENTATIONS = YES;
				CLANG_WARN_DIRECT_OBJC_ISA_USAGE = YES_ERROR;
				CLANG_WARN_DOCUMENTATION_COMMENTS = YES;
				CLANG_WARN_EMPTY_BODY = YES;
				CLANG_WARN_ENUM_CONVERSION = YES;
				CLANG_WARN_INFINITE_RECURSION = YES;
				CLANG_WARN_INT_CONVERSION = YES;
				CLANG_WARN_NON_LITERAL_NULL_CONVERSION = YES;
				CLANG_WARN_OBJC_IMPLICIT_RETAIN_SELF = YES;
				CLANG_WARN_OBJC_LITERAL_CONVERSION = YES;
				CLANG_WARN_OBJC_ROOT_CLASS = YES_ERROR;
				CLANG_WARN_QUOTED_INCLUDE_IN_FRAMEWORK_HEADER = YES;
				CLANG_WARN_RANGE_LOOP_ANALYSIS = YES;
				CLANG_WARN_STRICT_PROTOTYPES = YES;
				CLANG_WARN_SUSPICIOUS_MOVE = YES;
				CLANG_WARN_UNGUARDED_AVAILABILITY = YES_AGGRESSIVE;
				CLANG_WARN_UNREACHABLE_CODE = YES;
				CLANG_WARN__DUPLICATE_METHOD_MATCH = YES;
				COPY_PHASE_STRIP = NO;
				DEBUG_INFORMATION_FORMAT = dwarf;
				ENABLE_STRICT_OBJC_MSGSEND = YES;
				ENABLE_TESTABILITY = YES;
				ENABLE_USER_SCRIPT_SANDBOXING = YES;
				GCC_C_LANGUAGE_STANDARD = gnu17;
				GCC_DYNAMIC_NO_PIC = NO;
				GCC_NO_COMMON_BLOCKS = YES;
				GCC_OPTIMIZATION_LEVEL = 0;
				GCC_PREPROCESSOR_DEFINITIONS = (
					"DEBUG=1",
					"$(inherited)",
				);
				GCC_WARN_64_TO_32_BIT_CONVERSION = YES;
				GCC_WARN_ABOUT_RETURN_TYPE = YES_ERROR;
				GCC_WARN_UNDECLARED_SELECTOR = YES;
				GCC_WARN_UNINITIALIZED_AUTOS = YES_AGGRESSIVE;
				GCC_WARN_UNUSED_FUNCTION = YES;
				GCC_WARN_UNUSED_VARIABLE = YES;
				LOCALIZATION_PREFERS_STRING_CATALOGS = YES;
				MACOSX_DEPLOYMENT_TARGET = 14.7;
				MTL_ENABLE_DEBUG_INFO = INCLUDE_SOURCE;
				MTL_FAST_MATH = YES;
				ONLY_ACTIVE_ARCH = YES;
				SDKROOT = macosx;
				SWIFT_ACTIVE_COMPILATION_CONDITIONS = "DEBUG $(inherited)";
				SWIFT_OPTIMIZATION_LEVEL = "-Onone";
			};
			name = Debug;
		};
		D8748B862DBDF0D9008CD6BE /* Release */ = {
			isa = XCBuildConfiguration;
			buildSettings = {
				ALWAYS_SEARCH_USER_PATHS = NO;
				ASSETCATALOG_COMPILER_GENERATE_SWIFT_ASSET_SYMBOL_EXTENSIONS = YES;
				CLANG_ANALYZER_NONNULL = YES;
				CLANG_ANALYZER_NUMBER_OBJECT_CONVERSION = YES_AGGRESSIVE;
				CLANG_CXX_LANGUAGE_STANDARD = "gnu++20";
				CLANG_ENABLE_MODULES = YES;
				CLANG_ENABLE_OBJC_ARC = YES;
				CLANG_ENABLE_OBJC_WEAK = YES;
				CLANG_WARN_BLOCK_CAPTURE_AUTORELEASING = YES;
				CLANG_WARN_BOOL_CONVERSION = YES;
				CLANG_WARN_COMMA = YES;
				CLANG_WARN_CONSTANT_CONVERSION = YES;
				CLANG_WARN_DEPRECATED_OBJC_IMPLEMENTATIONS = YES;
				CLANG_WARN_DIRECT_OBJC_ISA_USAGE = YES_ERROR;
				CLANG_WARN_DOCUMENTATION_COMMENTS = YES;
				CLANG_WARN_EMPTY_BODY = YES;
				CLANG_WARN_ENUM_CONVERSION = YES;
				CLANG_WARN_INFINITE_RECURSION = YES;
				CLANG_WARN_INT_CONVERSION = YES;
				CLANG_WARN_NON_LITERAL_NULL_CONVERSION = YES;
				CLANG_WARN_OBJC_IMPLICIT_RETAIN_SELF = YES;
				CLANG_WARN_OBJC_LITERAL_CONVERSION = YES;
				CLANG_WARN_OBJC_ROOT_CLASS = YES_ERROR;
				CLANG_WARN_QUOTED_INCLUDE_IN_FRAMEWORK_HEADER = YES;
				CLANG_WARN_RANGE_LOOP_ANALYSIS = YES;
				CLANG_WARN_STRICT_PROTOTYPES = YES;
				CLANG_WARN_SUSPICIOUS_MOVE = YES;
				CLANG_WARN_UNGUARDED_AVAILABILITY = YES_AGGRESSIVE;
				CLANG_WARN_UNREACHABLE_CODE = YES;
				CLANG_WARN__DUPLICATE_METHOD_MATCH = YES;
				COPY_PHASE_STRIP = NO;
				DEBUG_INFORMATION_FORMAT = "dwarf-with-dsym";
				ENABLE_NS_ASSERTIONS = NO;
				ENABLE_STRICT_OBJC_MSGSEND = YES;
				ENABLE_USER_SCRIPT_SANDBOXING = YES;
				GCC_C_LANGUAGE_STANDARD = gnu17;
				GCC_NO_COMMON_BLOCKS = YES;
				GCC_WARN_64_TO_32_BIT_CONVERSION = YES;
				GCC_WARN_ABOUT_RETURN_TYPE = YES_ERROR;
				GCC_WARN_UNDECLARED_SELECTOR = YES;
				GCC_WARN_UNINITIALIZED_AUTOS = YES_AGGRESSIVE;
				GCC_WARN_UNUSED_FUNCTION = YES;
				GCC_WARN_UNUSED_VARIABLE = YES;
				LOCALIZATION_PREFERS_STRING_CATALOGS = YES;
				MACOSX_DEPLOYMENT_TARGET = 14.7;
				MTL_ENABLE_DEBUG_INFO = NO;
				MTL_FAST_MATH = YES;
				SDKROOT = macosx;
				SWIFT_COMPILATION_MODE = wholemodule;
			};
			name = Release;
		};
		D8748B882DBDF0D9008CD6BE /* Debug */ = {
			isa = XCBuildConfiguration;
			buildSettings = {
				ASSETCATALOG_COMPILER_APPICON_NAME = AppIcon;
				ASSETCATALOG_COMPILER_GLOBAL_ACCENT_COLOR_NAME = AccentColor;
				CODE_SIGN_ENTITLEMENTS = bttrfly/bttrfly.entitlements;
				CODE_SIGN_STYLE = Automatic;
				COMBINE_HIDPI_IMAGES = YES;
				CURRENT_PROJECT_VERSION = 1;
				DEVELOPMENT_ASSET_PATHS = "\"bttrfly/Preview Content\"";
				DEVELOPMENT_TEAM = 2JY3Y5R6GS;
				ENABLE_HARDENED_RUNTIME = YES;
				ENABLE_PREVIEWS = YES;
				GENERATE_INFOPLIST_FILE = YES;
				INFOPLIST_KEY_NSHumanReadableCopyright = "";
				LD_RUNPATH_SEARCH_PATHS = (
					"$(inherited)",
					"@executable_path/../Frameworks",
				);
				MARKETING_VERSION = 1.0;
				PRODUCT_BUNDLE_IDENTIFIER = williamjung.bttrfly;
				PRODUCT_NAME = "$(TARGET_NAME)";
				SWIFT_EMIT_LOC_STRINGS = YES;
				SWIFT_VERSION = 5.0;
			};
			name = Debug;
		};
		D8748B892DBDF0D9008CD6BE /* Release */ = {
			isa = XCBuildConfiguration;
			buildSettings = {
				ASSETCATALOG_COMPILER_APPICON_NAME = AppIcon;
				ASSETCATALOG_COMPILER_GLOBAL_ACCENT_COLOR_NAME = AccentColor;
				CODE_SIGN_ENTITLEMENTS = bttrfly/bttrfly.entitlements;
				CODE_SIGN_STYLE = Automatic;
				COMBINE_HIDPI_IMAGES = YES;
				CURRENT_PROJECT_VERSION = 1;
				DEVELOPMENT_ASSET_PATHS = "\"bttrfly/Preview Content\"";
				DEVELOPMENT_TEAM = 2JY3Y5R6GS;
				ENABLE_HARDENED_RUNTIME = YES;
				ENABLE_PREVIEWS = YES;
				GENERATE_INFOPLIST_FILE = YES;
				INFOPLIST_KEY_NSHumanReadableCopyright = "";
				LD_RUNPATH_SEARCH_PATHS = (
					"$(inherited)",
					"@executable_path/../Frameworks",
				);
				MARKETING_VERSION = 1.0;
				PRODUCT_BUNDLE_IDENTIFIER = williamjung.bttrfly;
				PRODUCT_NAME = "$(TARGET_NAME)";
				SWIFT_EMIT_LOC_STRINGS = YES;
				SWIFT_VERSION = 5.0;
			};
			name = Release;
		};
		D8748B8B2DBDF0D9008CD6BE /* Debug */ = {
			isa = XCBuildConfiguration;
			buildSettings = {
				BUNDLE_LOADER = "$(TEST_HOST)";
				CODE_SIGN_STYLE = Automatic;
				CURRENT_PROJECT_VERSION = 1;
				DEVELOPMENT_TEAM = 2JY3Y5R6GS;
				GENERATE_INFOPLIST_FILE = YES;
				MACOSX_DEPLOYMENT_TARGET = 14.7;
				MARKETING_VERSION = 1.0;
				PRODUCT_BUNDLE_IDENTIFIER = williamjung.bttrflyTests;
				PRODUCT_NAME = "$(TARGET_NAME)";
				SWIFT_EMIT_LOC_STRINGS = NO;
				SWIFT_VERSION = 5.0;
				TEST_HOST = "$(BUILT_PRODUCTS_DIR)/bttrfly.app/$(BUNDLE_EXECUTABLE_FOLDER_PATH)/bttrfly";
			};
			name = Debug;
		};
		D8748B8C2DBDF0D9008CD6BE /* Release */ = {
			isa = XCBuildConfiguration;
			buildSettings = {
				BUNDLE_LOADER = "$(TEST_HOST)";
				CODE_SIGN_STYLE = Automatic;
				CURRENT_PROJECT_VERSION = 1;
				DEVELOPMENT_TEAM = 2JY3Y5R6GS;
				GENERATE_INFOPLIST_FILE = YES;
				MACOSX_DEPLOYMENT_TARGET = 14.7;
				MARKETING_VERSION = 1.0;
				PRODUCT_BUNDLE_IDENTIFIER = williamjung.bttrflyTests;
				PRODUCT_NAME = "$(TARGET_NAME)";
				SWIFT_EMIT_LOC_STRINGS = NO;
				SWIFT_VERSION = 5.0;
				TEST_HOST = "$(BUILT_PRODUCTS_DIR)/bttrfly.app/$(BUNDLE_EXECUTABLE_FOLDER_PATH)/bttrfly";
			};
			name = Release;
		};
		D8748B8E2DBDF0D9008CD6BE /* Debug */ = {
			isa = XCBuildConfiguration;
			buildSettings = {
				CODE_SIGN_STYLE = Automatic;
				CURRENT_PROJECT_VERSION = 1;
				DEVELOPMENT_TEAM = 2JY3Y5R6GS;
				GENERATE_INFOPLIST_FILE = YES;
				MARKETING_VERSION = 1.0;
				PRODUCT_BUNDLE_IDENTIFIER = williamjung.bttrflyUITests;
				PRODUCT_NAME = "$(TARGET_NAME)";
				SWIFT_EMIT_LOC_STRINGS = NO;
				SWIFT_VERSION = 5.0;
				TEST_TARGET_NAME = bttrfly;
			};
			name = Debug;
		};
		D8748B8F2DBDF0D9008CD6BE /* Release */ = {
			isa = XCBuildConfiguration;
			buildSettings = {
				CODE_SIGN_STYLE = Automatic;
				CURRENT_PROJECT_VERSION = 1;
				DEVELOPMENT_TEAM = 2JY3Y5R6GS;
				GENERATE_INFOPLIST_FILE = YES;
				MARKETING_VERSION = 1.0;
				PRODUCT_BUNDLE_IDENTIFIER = williamjung.bttrflyUITests;
				PRODUCT_NAME = "$(TARGET_NAME)";
				SWIFT_EMIT_LOC_STRINGS = NO;
				SWIFT_VERSION = 5.0;
				TEST_TARGET_NAME = bttrfly;
			};
			name = Release;
		};
/* End XCBuildConfiguration section */

/* Begin XCConfigurationList section */
		D8748B5D2DBDF0D8008CD6BE /* Build configuration list for PBXProject "bttrfly" */ = {
			isa = XCConfigurationList;
			buildConfigurations = (
				D8748B852DBDF0D9008CD6BE /* Debug */,
				D8748B862DBDF0D9008CD6BE /* Release */,
			);
			defaultConfigurationIsVisible = 0;
			defaultConfigurationName = Release;
		};
		D8748B872DBDF0D9008CD6BE /* Build configuration list for PBXNativeTarget "bttrfly" */ = {
			isa = XCConfigurationList;
			buildConfigurations = (
				D8748B882DBDF0D9008CD6BE /* Debug */,
				D8748B892DBDF0D9008CD6BE /* Release */,
			);
			defaultConfigurationIsVisible = 0;
			defaultConfigurationName = Release;
		};
		D8748B8A2DBDF0D9008CD6BE /* Build configuration list for PBXNativeTarget "bttrflyTests" */ = {
			isa = XCConfigurationList;
			buildConfigurations = (
				D8748B8B2DBDF0D9008CD6BE /* Debug */,
				D8748B8C2DBDF0D9008CD6BE /* Release */,
			);
			defaultConfigurationIsVisible = 0;
			defaultConfigurationName = Release;
		};
		D8748B8D2DBDF0D9008CD6BE /* Build configuration list for PBXNativeTarget "bttrflyUITests" */ = {
			isa = XCConfigurationList;
			buildConfigurations = (
				D8748B8E2DBDF0D9008CD6BE /* Debug */,
				D8748B8F2DBDF0D9008CD6BE /* Release */,
			);
			defaultConfigurationIsVisible = 0;
			defaultConfigurationName = Release;
		};
/* End XCConfigurationList section */
	};
	rootObject = D8748B5A2DBDF0D8008CD6BE /* Project object */;
}
